# THIS IS AN AUTOGENERATED FILE. DO NOT EDIT THIS FILE DIRECTLY.
# yarn lockfile v1


"@apollo/client@^3.0.2":
  version "3.0.2"
  resolved "https://registry.yarnpkg.com/@apollo/client/-/client-3.0.2.tgz#fadb2b39a0e32950baaef2566442cb3f6de74a52"
  integrity sha512-4ighan5Anlj4tK/tdUHs4Mi1njqXZ7AxRCVolz/H702DjPphAJfm+FRkIadPTmwz+OLO+d+tX+6V1VBshf02rg==
  dependencies:
    "@types/zen-observable" "^0.8.0"
    "@wry/context" "^0.5.2"
    "@wry/equality" "^0.1.9"
    fast-json-stable-stringify "^2.0.0"
    graphql-tag "^2.10.4"
    hoist-non-react-statics "^3.3.2"
    optimism "^0.12.1"
    prop-types "^15.7.2"
    symbol-observable "^1.2.0"
    ts-invariant "^0.4.4"
    tslib "^1.10.0"
    zen-observable "^0.8.14"

"@babel/runtime@^7.10.5":
  version "7.10.5"
  resolved "https://registry.yarnpkg.com/@babel/runtime/-/runtime-7.10.5.tgz#303d8bd440ecd5a491eae6117fd3367698674c5c"
  integrity sha512-otddXKhdNn7d0ptoFRHtMLa8LqDxLYwTjB4nYgM1yy5N6gU/MUf8zqyyLltCH3yAVitBzmwK4us+DD0l/MauAg==
  dependencies:
    regenerator-runtime "^0.13.4"

"@types/apollo-upload-client@^8.1.3":
  version "8.1.3"
  resolved "https://registry.yarnpkg.com/@types/apollo-upload-client/-/apollo-upload-client-8.1.3.tgz#717df21070d7f12a8ccf9ff986e66ca91f0a5ee8"
  integrity sha512-E0bmMnkXBIiHY5Tl+U1Yum70loe93AOV7K+/3E/oGcdpH4izX4owwu+Cz1hRDkkYacHahKJCHz0xSLiL/ENRmA==
  dependencies:
    "@types/extract-files" "*"
    apollo-link "^1.2.12"
    apollo-link-http-common "^0.2.4"
    graphql "^14.5.3"

"@types/extract-files@*":
  version "8.1.0"
  resolved "https://registry.yarnpkg.com/@types/extract-files/-/extract-files-8.1.0.tgz#4728440e1d92a6d1d11ac47f5a10e3f9ce47f044"
  integrity sha512-ulxvlFU71yLVV3JxdBgryASAIp+aZQuQOpkhU1SznJlcWz0qsJCWHqdJqP6Lprs3blqGS5FH5GbBkU0977+Wew==

"@types/graphql@^14.5.0":
  version "14.5.0"
  resolved "https://registry.yarnpkg.com/@types/graphql/-/graphql-14.5.0.tgz#a545fb3bc8013a3547cf2f07f5e13a33642b75d6"
  integrity sha512-MOkzsEp1Jk5bXuAsHsUi6BVv0zCO+7/2PTiZMXWDSsMXvNU6w/PLMQT2vHn8hy2i0JqojPz1Sz6rsFjHtsU0lA==
  dependencies:
    graphql "*"

"@types/lodash@^4.14.157":
  version "4.14.157"
  resolved "https://registry.yarnpkg.com/@types/lodash/-/lodash-4.14.157.tgz#fdac1c52448861dfde1a2e1515dbc46e54926dc8"
  integrity sha512-Ft5BNFmv2pHDgxV5JDsndOWTRJ+56zte0ZpYLowp03tW+K+t8u8YMOzAnpuqPgzX6WO1XpDIUm7u04M8vdDiVQ==

"@types/moment@^2.13.0":
  version "2.13.0"
  resolved "https://registry.yarnpkg.com/@types/moment/-/moment-2.13.0.tgz#604ebd189bc3bc34a1548689404e61a2a4aac896"
  integrity sha1-YE69GJvDvDShVIaJQE5hoqSqyJY=
  dependencies:
    moment "*"

"@types/node@*", "@types/node@>=6":
  version "14.0.14"
  resolved "https://registry.yarnpkg.com/@types/node/-/node-14.0.14.tgz#24a0b5959f16ac141aeb0c5b3cd7a15b7c64cbce"
  integrity sha512-syUgf67ZQpaJj01/tRTknkMNoBBLWJOBODF0Zm4NrXmiSuxjymFrxnTu1QVYRubhVkRcZLYZG8STTwJRdVm/WQ==

"@types/vue@^2.0.0":
  version "2.0.0"
  resolved "https://registry.yarnpkg.com/@types/vue/-/vue-2.0.0.tgz#ec77b3d89591deb9ca5cb052368aa9c32be088e7"
  integrity sha1-7Hez2JWR3rnKXLBSNoqpwyvgiOc=
  dependencies:
    vue "*"

"@types/ws@^7.2.5":
  version "7.2.5"
  resolved "https://registry.yarnpkg.com/@types/ws/-/ws-7.2.5.tgz#513f28b04a1ea1aa9dc2cad3f26e8e37c88aae49"
  integrity sha512-4UEih9BI1nBKii385G9id1oFrSkLcClbwtDfcYj8HJLQqZVAtb/42vXVrYvRWCcufNF/a+rZD3MxNwghA7UmCg==
  dependencies:
    "@types/node" "*"

"@types/zen-observable@^0.8.0":
  version "0.8.0"
  resolved "https://registry.yarnpkg.com/@types/zen-observable/-/zen-observable-0.8.0.tgz#8b63ab7f1aa5321248aad5ac890a485656dcea4d"
  integrity sha512-te5lMAWii1uEJ4FwLjzdlbw3+n0FZNOvFXHxQDKeT0dilh7HOzdMzV2TrJVUzq8ep7J4Na8OUYPRLSQkJHAlrg==

"@wry/context@^0.4.0":
  version "0.4.4"
  resolved "https://registry.yarnpkg.com/@wry/context/-/context-0.4.4.tgz#e50f5fa1d6cfaabf2977d1fda5ae91717f8815f8"
  integrity sha512-LrKVLove/zw6h2Md/KZyWxIkFM6AoyKp71OqpH9Hiip1csjPVoD3tPxlbQUNxEnHENks3UGgNpSBCAfq9KWuag==
  dependencies:
    "@types/node" ">=6"
    tslib "^1.9.3"

"@wry/context@^0.5.2":
  version "0.5.2"
  resolved "https://registry.yarnpkg.com/@wry/context/-/context-0.5.2.tgz#f2a5d5ab9227343aa74c81e06533c1ef84598ec7"
  integrity sha512-B/JLuRZ/vbEKHRUiGj6xiMojST1kHhu4WcreLfNN7q9DqQFrb97cWgf/kiYsPSUCAMVN0HzfFc8XjJdzgZzfjw==
  dependencies:
    tslib "^1.9.3"

"@wry/equality@^0.1.2", "@wry/equality@^0.1.9":
  version "0.1.11"
  resolved "https://registry.yarnpkg.com/@wry/equality/-/equality-0.1.11.tgz#35cb156e4a96695aa81a9ecc4d03787bc17f1790"
  integrity sha512-mwEVBDUVODlsQQ5dfuLUS5/Tf7jqUKyhKYHmVi4fPB6bDMOfWvUPJmKgS1Z7Za/sOI3vzWt4+O7yCiL/70MogA==
  dependencies:
    tslib "^1.9.3"

ansi-styles@^3.2.1:
  version "3.2.1"
  resolved "https://registry.yarnpkg.com/ansi-styles/-/ansi-styles-3.2.1.tgz#41fbb20243e50b12be0f04b8dedbf07520ce841d"
  integrity sha512-VT0ZI6kZRdTh8YyJw3SMbYm/u+NqfsAxEpWO0Pf9sq8/e94WxxOpPKx9FR1FlyCtOVDNOQ+8ntlqFxiRc+r5qA==
  dependencies:
    color-convert "^1.9.0"

apollo-cache-inmemory@^1.6.6:
  version "1.6.6"
  resolved "https://registry.yarnpkg.com/apollo-cache-inmemory/-/apollo-cache-inmemory-1.6.6.tgz#56d1f2a463a6b9db32e9fa990af16d2a008206fd"
  integrity sha512-L8pToTW/+Xru2FFAhkZ1OA9q4V4nuvfoPecBM34DecAugUZEBhI2Hmpgnzq2hTKZ60LAMrlqiASm0aqAY6F8/A==
  dependencies:
    apollo-cache "^1.3.5"
    apollo-utilities "^1.3.4"
    optimism "^0.10.0"
    ts-invariant "^0.4.0"
    tslib "^1.10.0"

apollo-cache@1.3.5, apollo-cache@^1.3.5:
  version "1.3.5"
  resolved "https://registry.yarnpkg.com/apollo-cache/-/apollo-cache-1.3.5.tgz#9dbebfc8dbe8fe7f97ba568a224bca2c5d81f461"
  integrity sha512-1XoDy8kJnyWY/i/+gLTEbYLnoiVtS8y7ikBr/IfmML4Qb+CM7dEEbIUOjnY716WqmZ/UpXIxTfJsY7rMcqiCXA==
  dependencies:
    apollo-utilities "^1.3.4"
    tslib "^1.10.0"

apollo-client@^2.6.10:
  version "2.6.10"
  resolved "https://registry.yarnpkg.com/apollo-client/-/apollo-client-2.6.10.tgz#86637047b51d940c8eaa771a4ce1b02df16bea6a"
  integrity sha512-jiPlMTN6/5CjZpJOkGeUV0mb4zxx33uXWdj/xQCfAMkuNAC3HN7CvYDyMHHEzmcQ5GV12LszWoQ/VlxET24CtA==
  dependencies:
    "@types/zen-observable" "^0.8.0"
    apollo-cache "1.3.5"
    apollo-link "^1.0.0"
    apollo-utilities "1.3.4"
    symbol-observable "^1.0.2"
    ts-invariant "^0.4.0"
    tslib "^1.10.0"
    zen-observable "^0.8.0"

apollo-link-http-common@^0.2.16, apollo-link-http-common@^0.2.4:
  version "0.2.16"
  resolved "https://registry.yarnpkg.com/apollo-link-http-common/-/apollo-link-http-common-0.2.16.tgz#756749dafc732792c8ca0923f9a40564b7c59ecc"
  integrity sha512-2tIhOIrnaF4UbQHf7kjeQA/EmSorB7+HyJIIrUjJOKBgnXwuexi8aMecRlqTIDWcyVXCeqLhUnztMa6bOH/jTg==
  dependencies:
    apollo-link "^1.2.14"
    ts-invariant "^0.4.0"
    tslib "^1.9.3"

apollo-link-http@^1.5.17:
  version "1.5.17"
  resolved "https://registry.yarnpkg.com/apollo-link-http/-/apollo-link-http-1.5.17.tgz#499e9f1711bf694497f02c51af12d82de5d8d8ba"
  integrity sha512-uWcqAotbwDEU/9+Dm9e1/clO7hTB2kQ/94JYcGouBVLjoKmTeJTUPQKcJGpPwUjZcSqgYicbFqQSoJIW0yrFvg==
  dependencies:
    apollo-link "^1.2.14"
    apollo-link-http-common "^0.2.16"
    tslib "^1.9.3"

apollo-link-ws@^1.0.20:
  version "1.0.20"
  resolved "https://registry.yarnpkg.com/apollo-link-ws/-/apollo-link-ws-1.0.20.tgz#dfad44121f8445c6d7b7f8101a1b24813ba008ed"
  integrity sha512-mjSFPlQxmoLArpHBeUb2Xj+2HDYeTaJqFGOqQ+I8NVJxgL9lJe84PDWcPah/yMLv3rB7QgBDSuZ0xoRFBPlySw==
  dependencies:
    apollo-link "^1.2.14"
    tslib "^1.9.3"

apollo-link@^1.0.0, apollo-link@^1.2.12, apollo-link@^1.2.14:
  version "1.2.14"
  resolved "https://registry.yarnpkg.com/apollo-link/-/apollo-link-1.2.14.tgz#3feda4b47f9ebba7f4160bef8b977ba725b684d9"
  integrity sha512-p67CMEFP7kOG1JZ0ZkYZwRDa369w5PIjtMjvrQd/HnIV8FRsHRqLqK+oAZQnFa1DDdZtOtHTi+aMIW6EatC2jg==
  dependencies:
    apollo-utilities "^1.3.0"
    ts-invariant "^0.4.0"
    tslib "^1.9.3"
    zen-observable-ts "^0.8.21"

apollo-upload-client@^14.1.0:
  version "14.1.0"
  resolved "https://registry.yarnpkg.com/apollo-upload-client/-/apollo-upload-client-14.1.0.tgz#a61d594d966eb23e37f4bd727a6e83a5b0923297"
  integrity sha512-MS2zKx/vhHzf8bH9/Smffipftmyoo15S7JMEHaUR7o/fB/SFKvHAThBaETm5Rl5hNXE+DebF+aZpGZ3t8OvPvg==
  dependencies:
    "@apollo/client" "^3.0.2"
    "@babel/runtime" "^7.10.5"
    extract-files "^9.0.0"

apollo-utilities@1.3.4, apollo-utilities@^1.3.0, apollo-utilities@^1.3.4:
  version "1.3.4"
  resolved "https://registry.yarnpkg.com/apollo-utilities/-/apollo-utilities-1.3.4.tgz#6129e438e8be201b6c55b0f13ce49d2c7175c9cf"
  integrity sha512-pk2hiWrCXMAy2fRPwEyhvka+mqwzeP60Jr1tRYi5xru+3ko94HI9o6lK0CT33/w4RDlxWchmdhDCrvdr+pHCig==
  dependencies:
    "@wry/equality" "^0.1.2"
    fast-json-stable-stringify "^2.0.0"
    ts-invariant "^0.4.0"
    tslib "^1.10.0"

async-limiter@~1.0.0:
  version "1.0.1"
  resolved "https://registry.yarnpkg.com/async-limiter/-/async-limiter-1.0.1.tgz#dd379e94f0db8310b08291f9d64c3209766617fd"
  integrity sha512-csOlWGAcRFJaI6m+F2WKdnMKr4HhdhFVBk0H/QbJFMCr+uO2kwohwXQPxw/9OCxp05r5ghVBFSyioixx3gfkNQ==

backo2@^1.0.2:
  version "1.0.2"
  resolved "https://registry.yarnpkg.com/backo2/-/backo2-1.0.2.tgz#31ab1ac8b129363463e35b3ebb69f4dfcfba7947"
  integrity sha1-MasayLEpNjRj41s+u2n038+6eUc=

chalk@^2.4.2:
  version "2.4.2"
  resolved "https://registry.yarnpkg.com/chalk/-/chalk-2.4.2.tgz#cd42541677a54333cf541a49108c1432b44c9424"
  integrity sha512-Mti+f9lpJNcwF4tWV8/OrTTtF1gZi+f8FqlyAdouralcFWFQWF2+NgCHShjkCb+IFBLq9buZwE1xckQU4peSuQ==
  dependencies:
    ansi-styles "^3.2.1"
    escape-string-regexp "^1.0.5"
    supports-color "^5.3.0"

color-convert@^1.9.0:
  version "1.9.3"
  resolved "https://registry.yarnpkg.com/color-convert/-/color-convert-1.9.3.tgz#bb71850690e1f136567de629d2d5471deda4c1e8"
  integrity sha512-QfAUtd+vFdAtFQcC8CCyYt1fYWxSqAiK2cSD6zDB8N3cpsEBAvRxp9zOGg6G/SHHJYAT88/az/IuDGALsNVbGg==
  dependencies:
    color-name "1.1.3"

color-name@1.1.3:
  version "1.1.3"
  resolved "https://registry.yarnpkg.com/color-name/-/color-name-1.1.3.tgz#a7d0558bd89c42f795dd42328f740831ca53bc25"
  integrity sha1-p9BVi9icQveV3UIyj3QIMcpTvCU=

escape-string-regexp@^1.0.5:
  version "1.0.5"
  resolved "https://registry.yarnpkg.com/escape-string-regexp/-/escape-string-regexp-1.0.5.tgz#1b61c0562190a8dff6ae3bb2cf0200ca130b86d4"
  integrity sha1-G2HAViGQqN/2rjuyzwIAyhMLhtQ=

eventemitter3@^3.1.0:
  version "3.1.2"
  resolved "https://registry.yarnpkg.com/eventemitter3/-/eventemitter3-3.1.2.tgz#2d3d48f9c346698fce83a85d7d664e98535df6e7"
  integrity sha512-tvtQIeLVHjDkJYnzf2dgVMxfuSGJeM/7UCG17TT4EumTfNtF+0nebF/4zWOIkCreAbtNqhGEboB6BWrwqNaw4Q==

extract-files@^9.0.0:
  version "9.0.0"
  resolved "https://registry.yarnpkg.com/extract-files/-/extract-files-9.0.0.tgz#8a7744f2437f81f5ed3250ed9f1550de902fe54a"
  integrity sha512-CvdFfHkC95B4bBBk36hcEmvdR2awOdhhVUYH6S/zrVj3477zven/fJMYg7121h4T1xHZC+tetUpubpAhxwI7hQ==

fast-json-stable-stringify@^2.0.0:
  version "2.1.0"
  resolved "https://registry.yarnpkg.com/fast-json-stable-stringify/-/fast-json-stable-stringify-2.1.0.tgz#874bf69c6f404c2b5d99c481341399fd55892633"
  integrity sha512-lhd/wF+Lk98HZoTCtlVraHtfh5XYijIjalXck7saUtuanSDyLMxnHhSXEDJqHxD7msR8D0uCmqlkwjCV8xvwHw==

graphql-tag@^2.10.4:
  version "2.10.4"
  resolved "https://registry.yarnpkg.com/graphql-tag/-/graphql-tag-2.10.4.tgz#2f301a98219be8b178a6453bb7e33b79b66d8f83"
  integrity sha512-O7vG5BT3w6Sotc26ybcvLKNTdfr4GfsIVMD+LdYqXCeJIYPRyp8BIsDOUtxw7S1PYvRw5vH3278J2EDezR6mfA==

graphql@*, graphql@^15.1.0:
  version "15.1.0"
  resolved "https://registry.yarnpkg.com/graphql/-/graphql-15.1.0.tgz#b93e28de805294ec08e1630d901db550cb8960a1"
  integrity sha512-0TVyfOlCGhv/DBczQkJmwXOK6fjWkjzY3Pt7wY8i0gcYXq8aogG3weCsg48m72lywKSeOqedEHvVPOvZvSD51Q==

graphql@^14.5.3:
  version "14.7.0"
  resolved "https://registry.yarnpkg.com/graphql/-/graphql-14.7.0.tgz#7fa79a80a69be4a31c27dda824dc04dac2035a72"
  integrity sha512-l0xWZpoPKpppFzMfvVyFmp9vLN7w/ZZJPefUicMCepfJeQ8sMcztloGYY9DfjVPo6tIUDzU5Hw3MUbIjj9AVVA==
  dependencies:
    iterall "^1.2.2"

has-flag@^3.0.0:
  version "3.0.0"
  resolved "https://registry.yarnpkg.com/has-flag/-/has-flag-3.0.0.tgz#b5d454dc2199ae225699f3467e5a07f3b955bafd"
  integrity sha1-tdRU3CGZriJWmfNGfloH87lVuv0=

hoist-non-react-statics@^3.3.2:
  version "3.3.2"
  resolved "https://registry.yarnpkg.com/hoist-non-react-statics/-/hoist-non-react-statics-3.3.2.tgz#ece0acaf71d62c2969c2ec59feff42a4b1a85b45"
  integrity sha512-/gGivxi8JPKWNm/W0jSmzcMPpfpPLc3dY/6GxhX2hQ9iGj3aDfklV4ET7NjKpSinLpJ5vafa9iiGIEZg10SfBw==
  dependencies:
    react-is "^16.7.0"

iterall@^1.2.1, iterall@^1.2.2:
  version "1.3.0"
  resolved "https://registry.yarnpkg.com/iterall/-/iterall-1.3.0.tgz#afcb08492e2915cbd8a0884eb93a8c94d0d72fea"
  integrity sha512-QZ9qOMdF+QLHxy1QIpUHUU1D5pS2CG2P69LF6L6CPjPYA/XMOmKV3PZpawHoAjHNyB0swdVTRxdYT4tbBbxqwg==

"js-tokens@^3.0.0 || ^4.0.0":
  version "4.0.0"
  resolved "https://registry.yarnpkg.com/js-tokens/-/js-tokens-4.0.0.tgz#19203fb59991df98e3a287050d4647cdeaf32499"
  integrity sha512-RdJUflcE3cUzKiMqQgsCu06FPu9UdIJO0beYbPhHN4k6apgJtifcoCtT9bcxOpYBtpD2kCM6Sbzg4CausW/PKQ==

lodash@^4.17.15:
  version "4.17.15"
  resolved "https://registry.yarnpkg.com/lodash/-/lodash-4.17.15.tgz#b447f6670a0455bbfeedd11392eff330ea097548"
  integrity sha512-8xOcRHvCjnocdS5cpwXQXVzmmh5e5+saE2QGoeQmbKmRS6J3VQppPOIt0MnmE+4xlZoumy0GPG0D0MVIQbNA1A==

loose-envify@^1.4.0:
  version "1.4.0"
  resolved "https://registry.yarnpkg.com/loose-envify/-/loose-envify-1.4.0.tgz#71ee51fa7be4caec1a63839f7e682d8132d30caf"
  integrity sha512-lyuxPGr/Wfhrlem2CL/UcnUc1zcqKAImBDzukY7Y5F/yQiNdko6+fRLevlw1HgMySw7f611UIY408EtxRSoK3Q==
  dependencies:
    js-tokens "^3.0.0 || ^4.0.0"

moment@*, moment@^2.27.0:
  version "2.27.0"
  resolved "https://registry.yarnpkg.com/moment/-/moment-2.27.0.tgz#8bff4e3e26a236220dfe3e36de756b6ebaa0105d"
  integrity sha512-al0MUK7cpIcglMv3YF13qSgdAIqxHTO7brRtaz3DlSULbqfazqkc5kEjNrLDOM7fsjshoFIihnU8snrP7zUvhQ==

object-assign@^4.1.1:
  version "4.1.1"
  resolved "https://registry.yarnpkg.com/object-assign/-/object-assign-4.1.1.tgz#2109adc7965887cfc05cbbd442cac8bfbb360863"
  integrity sha1-IQmtx5ZYh8/AXLvUQsrIv7s2CGM=

optimism@^0.10.0:
  version "0.10.3"
  resolved "https://registry.yarnpkg.com/optimism/-/optimism-0.10.3.tgz#163268fdc741dea2fb50f300bedda80356445fd7"
  integrity sha512-9A5pqGoQk49H6Vhjb9kPgAeeECfUDF6aIICbMDL23kDLStBn1MWk3YvcZ4xWF9CsSf6XEgvRLkXy4xof/56vVw==
  dependencies:
    "@wry/context" "^0.4.0"

optimism@^0.12.1:
  version "0.12.1"
  resolved "https://registry.yarnpkg.com/optimism/-/optimism-0.12.1.tgz#933f9467b9aef0e601655adb9638f893e486ad02"
  integrity sha512-t8I7HM1dw0SECitBYAqFOVHoBAHEQBTeKjIL9y9ImHzAVkdyPK4ifTgM4VJRDtTUY4r/u5Eqxs4XcGPHaoPkeQ==
  dependencies:
    "@wry/context" "^0.5.2"

prop-types@^15.7.2:
  version "15.7.2"
  resolved "https://registry.yarnpkg.com/prop-types/-/prop-types-15.7.2.tgz#52c41e75b8c87e72b9d9360e0206b99dcbffa6c5"
  integrity sha512-8QQikdH7//R2vurIJSutZ1smHYTcLpRWEOlHnzcWHmBYrOGUysKwSsrC89BCiFj3CbrfJ/nXFdJepOVrY1GCHQ==
  dependencies:
    loose-envify "^1.4.0"
    object-assign "^4.1.1"
    react-is "^16.8.1"

react-is@^16.7.0, react-is@^16.8.1:
  version "16.13.1"
  resolved "https://registry.yarnpkg.com/react-is/-/react-is-16.13.1.tgz#789729a4dc36de2999dc156dd6c1d9c18cea56a4"
  integrity sha512-24e6ynE2H+OKt4kqsOvNd8kBpV65zoxbA4BVsEOB3ARVWQki/DHzaUoC5KuON/BiccDaCCTZBuOcfZs70kR8bQ==

regenerator-runtime@^0.13.4:
  version "0.13.7"
  resolved "https://registry.yarnpkg.com/regenerator-runtime/-/regenerator-runtime-0.13.7.tgz#cac2dacc8a1ea675feaabaeb8ae833898ae46f55"
  integrity sha512-a54FxoJDIr27pgf7IgeQGxmqUNYrcV338lf/6gH456HZ/PhX+5BcwHXG9ajESmwe6WRO0tAzRUrRmNONWgkrew==

serialize-javascript@^2.1.0:
  version "2.1.2"
  resolved "https://registry.yarnpkg.com/serialize-javascript/-/serialize-javascript-2.1.2.tgz#ecec53b0e0317bdc95ef76ab7074b7384785fa61"
  integrity sha512-rs9OggEUF0V4jUSecXazOYsLfu7OGK2qIn3c7IPBiffz32XniEp/TX9Xmc9LQfK2nQ2QKHvZ2oygKUGU0lG4jQ==

subscriptions-transport-ws@^0.9.16:
  version "0.9.16"
  resolved "https://registry.yarnpkg.com/subscriptions-transport-ws/-/subscriptions-transport-ws-0.9.16.tgz#90a422f0771d9c32069294c08608af2d47f596ec"
  integrity sha512-pQdoU7nC+EpStXnCfh/+ho0zE0Z+ma+i7xvj7bkXKb1dvYHSZxgRPaU6spRP+Bjzow67c/rRDoix5RT0uU9omw==
  dependencies:
    backo2 "^1.0.2"
    eventemitter3 "^3.1.0"
    iterall "^1.2.1"
    symbol-observable "^1.0.4"
    ws "^5.2.0"

supports-color@^5.3.0:
  version "5.5.0"
  resolved "https://registry.yarnpkg.com/supports-color/-/supports-color-5.5.0.tgz#e2e69a44ac8772f78a1ec0b35b689df6530efc8f"
  integrity sha512-QjVjwdXIt408MIiAqCX4oUKsgU2EqAGzs2Ppkm4aQYbjm+ZEWEcW4SfFNTr4uMNZma0ey4f5lgLrkB0aX0QMow==
  dependencies:
    has-flag "^3.0.0"

symbol-observable@^1.0.2, symbol-observable@^1.0.4, symbol-observable@^1.2.0:
  version "1.2.0"
  resolved "https://registry.yarnpkg.com/symbol-observable/-/symbol-observable-1.2.0.tgz#c22688aed4eab3cdc2dfeacbb561660560a00804"
  integrity sha512-e900nM8RRtGhlV36KGEU9k65K3mPb1WV70OdjfxlG2EAuM1noi/E/BaW/uMhL7bPEssK8QV57vN3esixjUvcXQ==

throttle-debounce@^2.1.0:
  version "2.2.1"
  resolved "https://registry.yarnpkg.com/throttle-debounce/-/throttle-debounce-2.2.1.tgz#fbd933ae6793448816f7d5b3cae259d464c98137"
  integrity sha512-i9hAVld1f+woAiyNGqWelpDD5W1tpMroL3NofTz9xzwq6acWBlO2dC8k5EFSZepU6oOINtV5Q3aSPoRg7o4+fA==

ts-invariant@^0.4.0, ts-invariant@^0.4.4:
  version "0.4.4"
  resolved "https://registry.yarnpkg.com/ts-invariant/-/ts-invariant-0.4.4.tgz#97a523518688f93aafad01b0e80eb803eb2abd86"
  integrity sha512-uEtWkFM/sdZvRNNDL3Ehu4WVpwaulhwQszV8mrtcdeE8nN00BV9mAmQ88RkrBhFgl9gMgvjJLAQcZbnPXI9mlA==
  dependencies:
    tslib "^1.9.3"

tslib@^1.10.0, tslib@^1.9.3:
  version "1.13.0"
  resolved "https://registry.yarnpkg.com/tslib/-/tslib-1.13.0.tgz#c881e13cc7015894ed914862d276436fa9a47043"
  integrity sha512-i/6DQjL8Xf3be4K/E6Wgpekn5Qasl1usyw++dAA35Ue5orEn65VIxOA+YvNNl9HV3qv70T7CNwjODHZrLwvd1Q==

typescript@^3.9.5:
  version "3.9.5"
  resolved "https://registry.yarnpkg.com/typescript/-/typescript-3.9.5.tgz#586f0dba300cde8be52dd1ac4f7e1009c1b13f36"
  integrity sha512-hSAifV3k+i6lEoCJ2k6R2Z/rp/H3+8sdmcn5NrS3/3kE7+RyZXm9aqvxWqjEXHAd8b0pShatpcdMTvEdvAJltQ==

vue-apollo@^3.0.3:
  version "3.0.3"
  resolved "https://registry.yarnpkg.com/vue-apollo/-/vue-apollo-3.0.3.tgz#7f29558df76eec0f03251847eef153816a261827"
  integrity sha512-WJaQ1v/i46/oIPlKv7J0Tx6tTlbuaeCdhrAbL06h+Zca2gzr5ywjUFpl8ijMTGJsQ+Ph/U4xEpBFBOMxQmL+7g==
  dependencies:
    chalk "^2.4.2"
    serialize-javascript "^2.1.0"
    throttle-debounce "^2.1.0"

vue@*:
  version "2.6.11"
  resolved "https://registry.yarnpkg.com/vue/-/vue-2.6.11.tgz#76594d877d4b12234406e84e35275c6d514125c5"
  integrity sha512-VfPwgcGABbGAue9+sfrD4PuwFar7gPb1yl1UK1MwXoQPAw0BKSqWfoYCT/ThFrdEVWoI51dBuyCoiNU9bZDZxQ==

ws@^5.2.0:
  version "5.2.2"
  resolved "https://registry.yarnpkg.com/ws/-/ws-5.2.2.tgz#dffef14866b8e8dc9133582514d1befaf96e980f"
  integrity sha512-jaHFD6PFv6UgoIVda6qZllptQsMlDEJkTQcybzzXDYM1XO9Y8em691FGMPmM46WGyLU4z9KMgQN+qrux/nhlHA==
  dependencies:
    async-limiter "~1.0.0"

ws@^7.3.0:
  version "7.3.0"
  resolved "https://registry.yarnpkg.com/ws/-/ws-7.3.0.tgz#4b2f7f219b3d3737bc1a2fbf145d825b94d38ffd"
  integrity sha512-iFtXzngZVXPGgpTlP1rBqsUK82p9tKqsWRPg5L56egiljujJT3vGAYnHANvFxBieXrTFavhzhxW52jnaWV+w2w==

zen-observable-ts@^0.8.21:
  version "0.8.21"
  resolved "https://registry.yarnpkg.com/zen-observable-ts/-/zen-observable-ts-0.8.21.tgz#85d0031fbbde1eba3cd07d3ba90da241215f421d"
  integrity sha512-Yj3yXweRc8LdRMrCC8nIc4kkjWecPAUVh0TI0OUrWXx6aX790vLcDlWca6I4vsyCGH3LpWxq0dJRcMOFoVqmeg==
  dependencies:
    tslib "^1.9.3"
    zen-observable "^0.8.0"

zen-observable@^0.8.0, zen-observable@^0.8.14:
  version "0.8.15"
  resolved "https://registry.yarnpkg.com/zen-observable/-/zen-observable-0.8.15.tgz#96415c512d8e3ffd920afd3889604e30b9eaac15"
  integrity sha512-PQ2PC7R9rslx84ndNBZB/Dkv8V8fZEpk83RLgXtYd0fwUgEjseMn1Dgajh2x6S8QbZAFa9p2qVCEuYZNgve0dQ==
